Microsoft Visual Studio Solution File, Format Version 12.00
# Visual Studio 15
VisualStudioVersion = 15.0.27428.2011
MinimumVisualStudioVersion = 10.0.40219.1
Project("{9A19103F-16F7-4668-BE54-9A1E7A4F7556}") = "Autodesk.Forge", "src\Autodesk.Forge\Autodesk.Forge.csproj", "{CAB5DABD-A4A1-43D3-B14A-1AFC213F76FF}"
EndProject
Project("{9A19103F-16F7-4668-BE54-9A1E7A4F7556}") = "Autodesk.Forge.Test", "src\Autodesk.Forge.Test\Autodesk.Forge.Test.csproj", "{19F1DEBC-DE5E-4517-8062-F000CD499087}"
EndProject
Global
	GlobalSection(SolutionConfigurationPlatforms) = preSolution
		Debug|Any CPU = Debug|Any CPU
		Release|Any CPU = Release|Any CPU
	EndGlobalSection
	GlobalSection(ProjectConfigurationPlatforms) = postSolution
		{CAB5DABD-A4A1-43D3-B14A-1AFC213F76FF}.Debug|Any CPU.ActiveCfg = Debug|Any CPU
		{CAB5DABD-A4A1-43D3-B14A-1AFC213F76FF}.Debug|Any CPU.Build.0 = Debug|Any CPU
		{CAB5DABD-A4A1-43D3-B14A-1AFC213F76FF}.Release|Any CPU.ActiveCfg = Release|Any CPU
		{CAB5DABD-A4A1-43D3-B14A-1AFC213F76FF}.Release|Any CPU.Build.0 = Release|Any CPU
		{19F1DEBC-DE5E-4517-8062-F000CD499087}.Debug|Any CPU.ActiveCfg = Debug|Any CPU
		{19F1DEBC-DE5E-4517-8062-F000CD499087}.Debug|Any CPU.Build.0 = Debug|Any CPU
		{19F1DEBC-DE5E-4517-8062-F000CD499087}.Release|Any CPU.ActiveCfg = Release|Any CPU
		{19F1DEBC-DE5E-4517-8062-F000CD499087}.Release|Any CPU.Build.0 = Release|Any CPU
	EndGlobalSection
	GlobalSection(SolutionProperties) = preSolution
		HideSolutionNode = FALSE
	EndGlobalSection
	GlobalSection(ExtensibilityGlobals) = postSolution
		SolutionGuid = {C55B50CF-8754-4E9C-8D4D-B1B1B9EFA337}
	EndGlobalSection
EndGlobal
