
Microsoft Visual Studio Solution File, Format Version 12.00
# Visual Studio 14
VisualStudioVersion = 14.0.25420.1
MinimumVisualStudioVersion = 10.0.40219.1
Project("{F184B08F-C81C-45F6-A57F-5ABD9991F28F}") = "simple-vb", "simple-vb\simple-vb.vbproj", "{17DD7E7F-6803-44F2-A2E6-78ABA1207D64}"
EndProject
Global
	GlobalSection(SolutionConfigurationPlatforms) = preSolution
		Debug|Any CPU = Debug|Any CPU
		Release|Any CPU = Release|Any CPU
	EndGlobalSection
	GlobalSection(ProjectConfigurationPlatforms) = postSolution
		{17DD7E7F-6803-44F2-A2E6-78ABA1207D64}.Debug|Any CPU.ActiveCfg = Debug|Any CPU
		{17DD7E7F-6803-44F2-A2E6-78ABA1207D64}.Debug|Any CPU.Build.0 = Debug|Any CPU
		{17DD7E7F-6803-44F2-A2E6-78ABA1207D64}.Release|Any CPU.ActiveCfg = Release|Any CPU
		{17DD7E7F-6803-44F2-A2E6-78ABA1207D64}.Release|Any CPU.Build.0 = Release|Any CPU
	EndGlobalSection
	GlobalSection(SolutionProperties) = preSolution
		HideSolutionNode = FALSE
	EndGlobalSection
EndGlobal
